// !$*UTF8*$!
{
	archiveVersion = 1;
	classes = {
	};
	objectVersion = 46;
	objects = {

/* Begin PBXBuildFile section */
		F17556161F4CA54300E35482 /* main.cpp in Sources */ = {isa = PBXBuildFile; fileRef = F17556151F4CA54300E35482 /* main.cpp */; };
		F175561E1F4CA5A400E35482 /* Coord.cpp in Sources */ = {isa = PBXBuildFile; fileRef = F175561C1F4CA5A400E35482 /* Coord.cpp */; };
/* End PBXBuildFile section */

/* Begin PBXCopyFilesBuildPhase section */
		F17556101F4CA54300E35482 /* CopyFiles */ = {
			isa = PBXCopyFilesBuildPhase;
			buildActionMask = 2147483647;
			dstPath = /usr/share/man/man1/;
			dstSubfolderSpec = 0;
			files = (
			);
			runOnlyForDeploymentPostprocessing = 1;
		};
/* End PBXCopyFilesBuildPhase section */

/* Begin PBXFileReference section */
		F17556121F4CA54300E35482 /* Echecs */ = {isa = PBXFileReference; explicitFileType = "compiled.mach-o.executable"; includeInIndex = 0; path = Echecs; sourceTree = BUILT_PRODUCTS_DIR; };
		F17556151F4CA54300E35482 /* main.cpp */ = {isa = PBXFileReference; lastKnownFileType = sourcecode.cpp.cpp; path = main.cpp; sourceTree = "<group>"; };
		F175561C1F4CA5A400E35482 /* Coord.cpp */ = {isa = PBXFileReference; fileEncoding = 4; lastKnownFileType = sourcecode.cpp.cpp; path = Coord.cpp; sourceTree = "<group>"; };
		F175561D1F4CA5A400E35482 /* Coord.hpp */ = {isa = PBXFileReference; fileEncoding = 4; lastKnownFileType = sourcecode.cpp.h; path = Coord.hpp; sourceTree = "<group>"; };
/* End PBXFileReference section */

/* Begin PBXFrameworksBuildPhase section */
		F175560F1F4CA54300E35482 /* Frameworks */ = {
			isa = PBXFrameworksBuildPhase;
			buildActionMask = 2147483647;
			files = (
			);
			runOnlyForDeploymentPostprocessing = 0;
		};
/* End PBXFrameworksBuildPhase section */

/* Begin PBXGroup section */
		F17556091F4CA54300E35482 = {
			isa = PBXGroup;
			children = (
				F17556141F4CA54300E35482 /* Echecs */,
				F17556131F4CA54300E35482 /* Products */,
			);
			sourceTree = "<group>";
		};
		F17556131F4CA54300E35482 /* Products */ = {
			isa = PBXGroup;
			children = (
				F17556121F4CA54300E35482 /* Echecs */,
			);
			name = Products;
			sourceTree = "<group>";
		};
		F17556141F4CA54300E35482 /* Echecs */ = {
			isa = PBXGroup;
			children = (
				F17556151F4CA54300E35482 /* main.cpp */,
				F175561C1F4CA5A400E35482 /* Coord.cpp */,
				F175561D1F4CA5A400E35482 /* Coord.hpp */,
			);
			path = Echecs;
			sourceTree = "<group>";
		};
/* End PBXGroup section */

/* Begin PBXNativeTarget section */
		F17556111F4CA54300E35482 /* Echecs */ = {
			isa = PBXNativeTarget;
			buildConfigurationList = F17556191F4CA54300E35482 /* Build configuration list for PBXNativeTarget "Echecs" */;
			buildPhases = (
				F175560E1F4CA54300E35482 /* Sources */,
				F175560F1F4CA54300E35482 /* Frameworks */,
				F17556101F4CA54300E35482 /* CopyFiles */,
			);
			buildRules = (
			);
			dependencies = (
			);
			name = Echecs;
			productName = Echecs;
			productReference = F17556121F4CA54300E35482 /* Echecs */;
			productType = "com.apple.product-type.tool";
		};
/* End PBXNativeTarget section */

/* Begin PBXProject section */
		F175560A1F4CA54300E35482 /* Project object */ = {
			isa = PBXProject;
			attributes = {
				LastUpgradeCheck = 0800;
				ORGANIZATIONNAME = "Adlane Ladjal";
				TargetAttributes = {
					F17556111F4CA54300E35482 = {
						CreatedOnToolsVersion = 8.0;
						DevelopmentTeam = FC24SV2WGE;
						ProvisioningStyle = Automatic;
					};
				};
			};
			buildConfigurationList = F175560D1F4CA54300E35482 /* Build configuration list for PBXProject "Echecs" */;
			compatibilityVersion = "Xcode 3.2";
			developmentRegion = English;
			hasScannedForEncodings = 0;
			knownRegions = (
				en,
			);
			mainGroup = F17556091F4CA54300E35482;
			productRefGroup = F17556131F4CA54300E35482 /* Products */;
			projectDirPath = "";
			projectRoot = "";
			targets = (
				F17556111F4CA54300E35482 /* Echecs */,
			);
		};
/* End PBXProject section */

/* Begin PBXSourcesBuildPhase section */
		F175560E1F4CA54300E35482 /* Sources */ = {
			isa = PBXSourcesBuildPhase;
			buildActionMask = 2147483647;
			files = (
				F17556161F4CA54300E35482 /* main.cpp in Sources */,
				F175561E1F4CA5A400E35482 /* Coord.cpp in Sources */,
			);
			runOnlyForDeploymentPostprocessing = 0;
		};
/* End PBXSourcesBuildPhase section */

/* Begin XCBuildConfiguration section */
		F17556171F4CA54300E35482 /* Debug */ = {
			isa = XCBuildConfiguration;
			buildSettings = {
				ALWAYS_SEARCH_USER_PATHS = NO;
				CLANG_ANALYZER_NONNULL = YES;
				CLANG_CXX_LANGUAGE_STANDARD = "gnu++0x";
				CLANG_CXX_LIBRARY = "libc++";
				CLANG_ENABLE_MODULES = YES;
				CLANG_ENABLE_OBJC_ARC = YES;
				CLANG_WARN_BOOL_CONVERSION = YES;
				CLANG_WARN_CONSTANT_CONVERSION = YES;
				CLANG_WARN_DIRECT_OBJC_ISA_USAGE = YES_ERROR;
				CLANG_WARN_DOCUMENTATION_COMMENTS = YES;
				CLANG_WARN_EMPTY_BODY = YES;
				CLANG_WARN_ENUM_CONVERSION = YES;
				CLANG_WARN_INFINITE_RECURSION = YES;
				CLANG_WARN_INT_CONVERSION = YES;
				CLANG_WARN_OBJC_ROOT_CLASS = YES_ERROR;
				CLANG_WARN_SUSPICIOUS_MOVES = YES;
				CLANG_WARN_UNREACHABLE_CODE = YES;
				CLANG_WARN__DUPLICATE_METHOD_MATCH = YES;
				CODE_SIGN_IDENTITY = "-";
				COPY_PHASE_STRIP = NO;
				DEBUG_INFORMATION_FORMAT = dwarf;
				ENABLE_STRICT_OBJC_MSGSEND = YES;
				ENABLE_TESTABILITY = YES;
				GCC_C_LANGUAGE_STANDARD = gnu99;
				GCC_DYNAMIC_NO_PIC = NO;
				GCC_NO_COMMON_BLOCKS = YES;
				GCC_OPTIMIZATION_LEVEL = 0;
				GCC_PREPROCESSOR_DEFINITIONS = (
					"DEBUG=1",
					"$(inherited)",
				);
				GCC_WARN_64_TO_32_BIT_CONVERSION = YES;
				GCC_WARN_ABOUT_RETURN_TYPE = YES_ERROR;
				GCC_WARN_UNDECLARED_SELECTOR = YES;
				GCC_WARN_UNINITIALIZED_AUTOS = YES_AGGRESSIVE;
				GCC_WARN_UNUSED_FUNCTION = YES;
				GCC_WARN_UNUSED_VARIABLE = YES;
				MACOSX_DEPLOYMENT_TARGET = 10.12;
				MTL_ENABLE_DEBUG_INFO = YES;
				ONLY_ACTIVE_ARCH = YES;
				SDKROOT = macosx;
			};
			name = Debug;
		};
		F17556181F4CA54300E35482 /* Release */ = {
			isa = XCBuildConfiguration;
			buildSettings = {
				ALWAYS_SEARCH_USER_PATHS = NO;
				CLANG_ANALYZER_NONNULL = YES;
				CLANG_CXX_LANGUAGE_STANDARD = "gnu++0x";
				CLANG_CXX_LIBRARY = "libc++";
				CLANG_ENABLE_MODULES = YES;
				CLANG_ENABLE_OBJC_ARC = YES;
				CLANG_WARN_BOOL_CONVERSION = YES;
				CLANG_WARN_CONSTANT_CONVERSION = YES;
				CLANG_WARN_DIRECT_OBJC_ISA_USAGE = YES_ERROR;
				CLANG_WARN_DOCUMENTATION_COMMENTS = YES;
				CLANG_WARN_EMPTY_BODY = YES;
				CLANG_WARN_ENUM_CONVERSION = YES;
				CLANG_WARN_INFINITE_RECURSION = YES;
				CLANG_WARN_INT_CONVERSION = YES;
				CLANG_WARN_OBJC_ROOT_CLASS = YES_ERROR;
				CLANG_WARN_SUSPICIOUS_MOVES = YES;
				CLANG_WARN_UNREACHABLE_CODE = YES;
				CLANG_WARN__DUPLICATE_METHOD_MATCH = YES;
				CODE_SIGN_IDENTITY = "-";
				COPY_PHASE_STRIP = NO;
				DEBUG_INFORMATION_FORMAT = "dwarf-with-dsym";
				ENABLE_NS_ASSERTIONS = NO;
				ENABLE_STRICT_OBJC_MSGSEND = YES;
				GCC_C_LANGUAGE_STANDARD = gnu99;
				GCC_NO_COMMON_BLOCKS = YES;
				GCC_WARN_64_TO_32_BIT_CONVERSION = YES;
				GCC_WARN_ABOUT_RETURN_TYPE = YES_ERROR;
				GCC_WARN_UNDECLARED_SELECTOR = YES;
				GCC_WARN_UNINITIALIZED_AUTOS = YES_AGGRESSIVE;
				GCC_WARN_UNUSED_FUNCTION = YES;
				GCC_WARN_UNUSED_VARIABLE = YES;
				MACOSX_DEPLOYMENT_TARGET = 10.12;
				MTL_ENABLE_DEBUG_INFO = NO;
				SDKROOT = macosx;
			};
			name = Release;
		};
		F175561A1F4CA54300E35482 /* Debug */ = {
			isa = XCBuildConfiguration;
			buildSettings = {
				DEVELOPMENT_TEAM = FC24SV2WGE;
				PRODUCT_NAME = "$(TARGET_NAME)";
			};
			name = Debug;
		};
		F175561B1F4CA54300E35482 /* Release */ = {
			isa = XCBuildConfiguration;
			buildSettings = {
				DEVELOPMENT_TEAM = FC24SV2WGE;
				PRODUCT_NAME = "$(TARGET_NAME)";
			};
			name = Release;
		};
/* End XCBuildConfiguration section */

/* Begin XCConfigurationList section */
		F175560D1F4CA54300E35482 /* Build configuration list for PBXProject "Echecs" */ = {
			isa = XCConfigurationList;
			buildConfigurations = (
				F17556171F4CA54300E35482 /* Debug */,
				F17556181F4CA54300E35482 /* Release */,
			);
			defaultConfigurationIsVisible = 0;
			defaultConfigurationName = Release;
		};
		F17556191F4CA54300E35482 /* Build configuration list for PBXNativeTarget "Echecs" */ = {
			isa = XCConfigurationList;
			buildConfigurations = (
				F175561A1F4CA54300E35482 /* Debug */,
				F175561B1F4CA54300E35482 /* Release */,
			);
			defaultConfigurationIsVisible = 0;
		};
/* End XCConfigurationList section */
	};
	rootObject = F175560A1F4CA54300E35482 /* Project object */;
}
